Microsoft Visual Studio Solution File, Format Version 8.00
Project("{8BC9CEB8-8B4A-11D0-8D11-00A0C91BC942}") = "InsectThing", "InsectThing.vcproj", "{BB15FBBC-5D90-41BF-9E98-0D4B9056471F}"
	ProjectSection(ProjectDependencies) = postProject
		{9060305C-5267-477E-B014-1DB9F287434A} = {9060305C-5267-477E-B014-1DB9F287434A}
		{8DCE62EA-232F-4B3C-984B-49897A5B5E62} = {8DCE62EA-232F-4B3C-984B-49897A5B5E62}
		{061238EE-1ED1-479B-BBBA-209FC23E6A95} = {061238EE-1ED1-479B-BBBA-209FC23E6A95}
	EndProjectSection
EndProject
Project("{8BC9CEB8-8B4A-11D0-8D11-00A0C91BC942}") = "Math", "..\..\Math\Math.vcproj", "{8DCE62EA-232F-4B3C-984B-49897A5B5E62}"
	ProjectSection(ProjectDependencies) = postProject
	EndProjectSection
EndProject
Project("{8BC9CEB8-8B4A-11D0-8D11-00A0C91BC942}") = "Render", "..\..\Render\Render.vcproj", "{061238EE-1ED1-479B-BBBA-209FC23E6A95}"
	ProjectSection(ProjectDependencies) = postProject
	EndProjectSection
EndProject
Project("{8BC9CEB8-8B4A-11D0-8D11-00A0C91BC942}") = "Physics", "..\..\Physics\Physics.vcproj", "{9060305C-5267-477E-B014-1DB9F287434A}"
	ProjectSection(ProjectDependencies) = postProject
	EndProjectSection
EndProject
Global
	GlobalSection(SolutionConfiguration) = preSolution
		Debug = Debug
		Release = Release
		Release_HighOpt = Release_HighOpt
	EndGlobalSection
	GlobalSection(ProjectConfiguration) = postSolution
		{BB15FBBC-5D90-41BF-9E98-0D4B9056471F}.Debug.ActiveCfg = Debug|Win32
		{BB15FBBC-5D90-41BF-9E98-0D4B9056471F}.Debug.Build.0 = Debug|Win32
		{BB15FBBC-5D90-41BF-9E98-0D4B9056471F}.Release.ActiveCfg = Release|Win32
		{BB15FBBC-5D90-41BF-9E98-0D4B9056471F}.Release.Build.0 = Release|Win32
		{BB15FBBC-5D90-41BF-9E98-0D4B9056471F}.Release_HighOpt.ActiveCfg = Release_HighOpt|Win32
		{BB15FBBC-5D90-41BF-9E98-0D4B9056471F}.Release_HighOpt.Build.0 = Release_HighOpt|Win32
		{8DCE62EA-232F-4B3C-984B-49897A5B5E62}.Debug.ActiveCfg = Debug|Win32
		{8DCE62EA-232F-4B3C-984B-49897A5B5E62}.Debug.Build.0 = Debug|Win32
		{8DCE62EA-232F-4B3C-984B-49897A5B5E62}.Release.ActiveCfg = Release|Win32
		{8DCE62EA-232F-4B3C-984B-49897A5B5E62}.Release.Build.0 = Release|Win32
		{8DCE62EA-232F-4B3C-984B-49897A5B5E62}.Release_HighOpt.ActiveCfg = Release_HighOpt|Win32
		{8DCE62EA-232F-4B3C-984B-49897A5B5E62}.Release_HighOpt.Build.0 = Release_HighOpt|Win32
		{061238EE-1ED1-479B-BBBA-209FC23E6A95}.Debug.ActiveCfg = Debug|Win32
		{061238EE-1ED1-479B-BBBA-209FC23E6A95}.Debug.Build.0 = Debug|Win32
		{061238EE-1ED1-479B-BBBA-209FC23E6A95}.Release.ActiveCfg = Release|Win32
		{061238EE-1ED1-479B-BBBA-209FC23E6A95}.Release.Build.0 = Release|Win32
		{061238EE-1ED1-479B-BBBA-209FC23E6A95}.Release_HighOpt.ActiveCfg = Release_HighOpt|Win32
		{061238EE-1ED1-479B-BBBA-209FC23E6A95}.Release_HighOpt.Build.0 = Release_HighOpt|Win32
		{9060305C-5267-477E-B014-1DB9F287434A}.Debug.ActiveCfg = Debug|Win32
		{9060305C-5267-477E-B014-1DB9F287434A}.Debug.Build.0 = Debug|Win32
		{9060305C-5267-477E-B014-1DB9F287434A}.Release.ActiveCfg = Release|Win32
		{9060305C-5267-477E-B014-1DB9F287434A}.Release.Build.0 = Release|Win32
		{9060305C-5267-477E-B014-1DB9F287434A}.Release_HighOpt.ActiveCfg = Release_HighOpt|Win32
		{9060305C-5267-477E-B014-1DB9F287434A}.Release_HighOpt.Build.0 = Release_HighOpt|Win32
	EndGlobalSection
	GlobalSection(ExtensibilityGlobals) = postSolution
	EndGlobalSection
	GlobalSection(ExtensibilityAddIns) = postSolution
	EndGlobalSection
EndGlobal
